
Microsoft Visual Studio Solution File, Format Version 12.00
# Visual Studio Version 16
VisualStudioVersion = 16.0.28803.202
MinimumVisualStudioVersion = 10.0.40219.1
Project("{8BC9CEB8-8B4A-11D0-8D11-00A0C91BC942}") = "Packer", "Packer\Packer.vcxproj", "{DEA1DBBE-CAC6-4282-A118-05ACE2D0ECA7}"
	ProjectSection(ProjectDependencies) = postProject
		{CE999297-7941-4A19-A5B3-507C3C99A5D9} = {CE999297-7941-4A19-A5B3-507C3C99A5D9}
	EndProjectSection
EndProject
Project("{8BC9CEB8-8B4A-11D0-8D11-00A0C91BC942}") = "PackerStub", "PackerStub\PackerStub.vcxproj", "{CE999297-7941-4A19-A5B3-507C3C99A5D9}"
EndProject
Global
	GlobalSection(SolutionConfigurationPlatforms) = preSolution
		Debug|x64 = Debug|x64
		Debug|x86 = Debug|x86
		Release|x64 = Release|x64
		Release|x86 = Release|x86
	EndGlobalSection
	GlobalSection(ProjectConfigurationPlatforms) = postSolution
		{DEA1DBBE-CAC6-4282-A118-05ACE2D0ECA7}.Debug|x64.ActiveCfg = Debug|x64
		{DEA1DBBE-CAC6-4282-A118-05ACE2D0ECA7}.Debug|x64.Build.0 = Debug|x64
		{DEA1DBBE-CAC6-4282-A118-05ACE2D0ECA7}.Debug|x86.ActiveCfg = Debug|Win32
		{DEA1DBBE-CAC6-4282-A118-05ACE2D0ECA7}.Debug|x86.Build.0 = Debug|Win32
		{DEA1DBBE-CAC6-4282-A118-05ACE2D0ECA7}.Release|x64.ActiveCfg = Release|x64
		{DEA1DBBE-CAC6-4282-A118-05ACE2D0ECA7}.Release|x64.Build.0 = Release|x64
		{DEA1DBBE-CAC6-4282-A118-05ACE2D0ECA7}.Release|x86.ActiveCfg = Release|Win32
		{DEA1DBBE-CAC6-4282-A118-05ACE2D0ECA7}.Release|x86.Build.0 = Release|Win32
		{CE999297-7941-4A19-A5B3-507C3C99A5D9}.Debug|x64.ActiveCfg = Debug|x64
		{CE999297-7941-4A19-A5B3-507C3C99A5D9}.Debug|x64.Build.0 = Debug|x64
		{CE999297-7941-4A19-A5B3-507C3C99A5D9}.Debug|x86.ActiveCfg = Debug|Win32
		{CE999297-7941-4A19-A5B3-507C3C99A5D9}.Debug|x86.Build.0 = Debug|Win32
		{CE999297-7941-4A19-A5B3-507C3C99A5D9}.Release|x64.ActiveCfg = Release|x64
		{CE999297-7941-4A19-A5B3-507C3C99A5D9}.Release|x64.Build.0 = Release|x64
		{CE999297-7941-4A19-A5B3-507C3C99A5D9}.Release|x86.ActiveCfg = Release|Win32
		{CE999297-7941-4A19-A5B3-507C3C99A5D9}.Release|x86.Build.0 = Release|Win32
	EndGlobalSection
	GlobalSection(SolutionProperties) = preSolution
		HideSolutionNode = FALSE
	EndGlobalSection
	GlobalSection(ExtensibilityGlobals) = postSolution
		SolutionGuid = {C37CDBA0-373C-46FC-966E-FA50A27DB9B7}
	EndGlobalSection
EndGlobal
